// !$*UTF8*$!
{
	archiveVersion = 1;
	classes = {
	};
	objectVersion = 46;
	objects = {

/* Begin PBXBuildFile section */
		281E0877167192FB00065AE6 /* ASGeometry.m in Sources */ = {isa = PBXBuildFile; fileRef = 281E0876167192FB00065AE6 /* ASGeometry.m */; };
		2843F86C167038E600135623 /* UIKit.framework in Frameworks */ = {isa = PBXBuildFile; fileRef = 2843F86B167038E600135623 /* UIKit.framework */; };
		2843F86E167038E600135623 /* Foundation.framework in Frameworks */ = {isa = PBXBuildFile; fileRef = 2843F86D167038E600135623 /* Foundation.framework */; };
		2843F870167038E600135623 /* CoreGraphics.framework in Frameworks */ = {isa = PBXBuildFile; fileRef = 2843F86F167038E600135623 /* CoreGraphics.framework */; };
		2843F876167038E600135623 /* InfoPlist.strings in Resources */ = {isa = PBXBuildFile; fileRef = 2843F874167038E600135623 /* InfoPlist.strings */; };
		2843F878167038E600135623 /* main.m in Sources */ = {isa = PBXBuildFile; fileRef = 2843F877167038E600135623 /* main.m */; };
		2843F87C167038E600135623 /* AppDelegate.m in Sources */ = {isa = PBXBuildFile; fileRef = 2843F87B167038E600135623 /* AppDelegate.m */; };
		2843F87E167038E600135623 /* Default.png in Resources */ = {isa = PBXBuildFile; fileRef = 2843F87D167038E600135623 /* Default.png */; };
		2843F880167038E600135623 /* Default@2x.png in Resources */ = {isa = PBXBuildFile; fileRef = 2843F87F167038E600135623 /* Default@2x.png */; };
		2843F882167038E600135623 /* Default-568h@2x.png in Resources */ = {isa = PBXBuildFile; fileRef = 2843F881167038E600135623 /* Default-568h@2x.png */; };
		2843F8981670390F00135623 /* DetailViewController.m in Sources */ = {isa = PBXBuildFile; fileRef = 2843F8951670390F00135623 /* DetailViewController.m */; };
		2843F8991670390F00135623 /* MasterViewController.m in Sources */ = {isa = PBXBuildFile; fileRef = 2843F8971670390F00135623 /* MasterViewController.m */; };
		2843F89C1670393800135623 /* Cloud@2x.png in Resources */ = {isa = PBXBuildFile; fileRef = 2843F89B1670393800135623 /* Cloud@2x.png */; };
		2843F91E167039CD00135623 /* QuartzCore.framework in Frameworks */ = {isa = PBXBuildFile; fileRef = 2843F91D167039CD00135623 /* QuartzCore.framework */; };
		2843F920167039D600135623 /* MapKit.framework in Frameworks */ = {isa = PBXBuildFile; fileRef = 2843F91F167039D600135623 /* MapKit.framework */; };
		2843F9D8167044FE00135623 /* ASAlertView.m in Sources */ = {isa = PBXBuildFile; fileRef = 2843F9B0167044FE00135623 /* ASAlertView.m */; };
		2843F9D9167044FE00135623 /* ASMaskdView.m in Sources */ = {isa = PBXBuildFile; fileRef = 2843F9B2167044FE00135623 /* ASMaskdView.m */; };
		2843F9DA167044FE00135623 /* ASPlaceholderTextView.m in Sources */ = {isa = PBXBuildFile; fileRef = 2843F9B4167044FE00135623 /* ASPlaceholderTextView.m */; };
		2843F9DB167044FE00135623 /* MKMapView+ASCategory.m in Sources */ = {isa = PBXBuildFile; fileRef = 2843F9B7167044FE00135623 /* MKMapView+ASCategory.m */; };
		2843F9DC167044FE00135623 /* NSArray+ASCategory.m in Sources */ = {isa = PBXBuildFile; fileRef = 2843F9B9167044FE00135623 /* NSArray+ASCategory.m */; };
		2843F9DD167044FE00135623 /* NSDictionary+ASCategory.m in Sources */ = {isa = PBXBuildFile; fileRef = 2843F9BB167044FE00135623 /* NSDictionary+ASCategory.m */; };
		2843F9DE167044FE00135623 /* NSMutableArray+ASCategory.m in Sources */ = {isa = PBXBuildFile; fileRef = 2843F9BD167044FE00135623 /* NSMutableArray+ASCategory.m */; };
		2843F9DF167044FE00135623 /* NSMutableString+ASCategory.m in Sources */ = {isa = PBXBuildFile; fileRef = 2843F9BF167044FE00135623 /* NSMutableString+ASCategory.m */; };
		2843F9E0167044FE00135623 /* NSObject+ASCategory.m in Sources */ = {isa = PBXBuildFile; fileRef = 2843F9C1167044FE00135623 /* NSObject+ASCategory.m */; };
		2843F9E1167044FE00135623 /* NSString+ASCategory.m in Sources */ = {isa = PBXBuildFile; fileRef = 2843F9C3167044FE00135623 /* NSString+ASCategory.m */; };
		2843F9E2167044FE00135623 /* UIAlertView+ASCategory.m in Sources */ = {isa = PBXBuildFile; fileRef = 2843F9C5167044FE00135623 /* UIAlertView+ASCategory.m */; };
		2843F9E3167044FE00135623 /* UIButton+ASCategory.m in Sources */ = {isa = PBXBuildFile; fileRef = 2843F9C7167044FE00135623 /* UIButton+ASCategory.m */; };
		2843F9E4167044FE00135623 /* UIImage+ASCategory.m in Sources */ = {isa = PBXBuildFile; fileRef = 2843F9C9167044FE00135623 /* UIImage+ASCategory.m */; };
		2843F9E5167044FE00135623 /* UIImageView+ASCategory.m in Sources */ = {isa = PBXBuildFile; fileRef = 2843F9CB167044FE00135623 /* UIImageView+ASCategory.m */; };
		2843F9E6167044FE00135623 /* UINavigationBar+ASCategory.m in Sources */ = {isa = PBXBuildFile; fileRef = 2843F9CD167044FE00135623 /* UINavigationBar+ASCategory.m */; };
		2843F9E7167044FE00135623 /* UINavigationController+ASCategory.m in Sources */ = {isa = PBXBuildFile; fileRef = 2843F9CF167044FE00135623 /* UINavigationController+ASCategory.m */; };
		2843F9E8167044FE00135623 /* UITableView+ASCategory.m in Sources */ = {isa = PBXBuildFile; fileRef = 2843F9D1167044FE00135623 /* UITableView+ASCategory.m */; };
		2843F9E9167044FE00135623 /* UITextField+ASCategory.m in Sources */ = {isa = PBXBuildFile; fileRef = 2843F9D3167044FE00135623 /* UITextField+ASCategory.m */; };
		2843F9EA167044FE00135623 /* UIView+ASCategory.m in Sources */ = {isa = PBXBuildFile; fileRef = 2843F9D5167044FE00135623 /* UIView+ASCategory.m */; };
		2843F9EB167044FE00135623 /* UIViewController+ASCategory.m in Sources */ = {isa = PBXBuildFile; fileRef = 2843F9D7167044FE00135623 /* UIViewController+ASCategory.m */; };
/* End PBXBuildFile section */

/* Begin PBXFileReference section */
		281E0875167192FB00065AE6 /* ASGeometry.h */ = {isa = PBXFileReference; fileEncoding = 4; lastKnownFileType = sourcecode.c.h; path = ASGeometry.h; sourceTree = "<group>"; };
		281E0876167192FB00065AE6 /* ASGeometry.m */ = {isa = PBXFileReference; fileEncoding = 4; lastKnownFileType = sourcecode.c.objc; path = ASGeometry.m; sourceTree = "<group>"; };
		2843F867167038E600135623 /* Library.app */ = {isa = PBXFileReference; explicitFileType = wrapper.application; includeInIndex = 0; path = Library.app; sourceTree = BUILT_PRODUCTS_DIR; };
		2843F86B167038E600135623 /* UIKit.framework */ = {isa = PBXFileReference; lastKnownFileType = wrapper.framework; name = UIKit.framework; path = System/Library/Frameworks/UIKit.framework; sourceTree = SDKROOT; };
		2843F86D167038E600135623 /* Foundation.framework */ = {isa = PBXFileReference; lastKnownFileType = wrapper.framework; name = Foundation.framework; path = System/Library/Frameworks/Foundation.framework; sourceTree = SDKROOT; };
		2843F86F167038E600135623 /* CoreGraphics.framework */ = {isa = PBXFileReference; lastKnownFileType = wrapper.framework; name = CoreGraphics.framework; path = System/Library/Frameworks/CoreGraphics.framework; sourceTree = SDKROOT; };
		2843F873167038E600135623 /* Library-Info.plist */ = {isa = PBXFileReference; lastKnownFileType = text.plist.xml; path = "Library-Info.plist"; sourceTree = "<group>"; };
		2843F875167038E600135623 /* en */ = {isa = PBXFileReference; lastKnownFileType = text.plist.strings; name = en; path = en.lproj/InfoPlist.strings; sourceTree = "<group>"; };
		2843F877167038E600135623 /* main.m */ = {isa = PBXFileReference; lastKnownFileType = sourcecode.c.objc; path = main.m; sourceTree = "<group>"; };
		2843F879167038E600135623 /* Library-Prefix.pch */ = {isa = PBXFileReference; lastKnownFileType = sourcecode.c.h; path = "Library-Prefix.pch"; sourceTree = "<group>"; };
		2843F87A167038E600135623 /* AppDelegate.h */ = {isa = PBXFileReference; lastKnownFileType = sourcecode.c.h; path = AppDelegate.h; sourceTree = "<group>"; };
		2843F87B167038E600135623 /* AppDelegate.m */ = {isa = PBXFileReference; lastKnownFileType = sourcecode.c.objc; path = AppDelegate.m; sourceTree = "<group>"; };
		2843F87D167038E600135623 /* Default.png */ = {isa = PBXFileReference; lastKnownFileType = image.png; path = Default.png; sourceTree = "<group>"; };
		2843F87F167038E600135623 /* Default@2x.png */ = {isa = PBXFileReference; lastKnownFileType = image.png; path = "Default@2x.png"; sourceTree = "<group>"; };
		2843F881167038E600135623 /* Default-568h@2x.png */ = {isa = PBXFileReference; lastKnownFileType = image.png; path = "Default-568h@2x.png"; sourceTree = "<group>"; };
		2843F8941670390F00135623 /* DetailViewController.h */ = {isa = PBXFileReference; fileEncoding = 4; lastKnownFileType = sourcecode.c.h; path = DetailViewController.h; sourceTree = "<group>"; };
		2843F8951670390F00135623 /* DetailViewController.m */ = {isa = PBXFileReference; fileEncoding = 4; lastKnownFileType = sourcecode.c.objc; path = DetailViewController.m; sourceTree = "<group>"; };
		2843F8961670390F00135623 /* MasterViewController.h */ = {isa = PBXFileReference; fileEncoding = 4; lastKnownFileType = sourcecode.c.h; path = MasterViewController.h; sourceTree = "<group>"; };
		2843F8971670390F00135623 /* MasterViewController.m */ = {isa = PBXFileReference; fileEncoding = 4; lastKnownFileType = sourcecode.c.objc; path = MasterViewController.m; sourceTree = "<group>"; };
		2843F89A1670392500135623 /* zh-Hans */ = {isa = PBXFileReference; lastKnownFileType = text.plist.strings; name = "zh-Hans"; path = "zh-Hans.lproj/InfoPlist.strings"; sourceTree = "<group>"; };
		2843F89B1670393800135623 /* Cloud@2x.png */ = {isa = PBXFileReference; lastKnownFileType = image.png; path = "Cloud@2x.png"; sourceTree = "<group>"; };
		2843F91D167039CD00135623 /* QuartzCore.framework */ = {isa = PBXFileReference; lastKnownFileType = wrapper.framework; name = QuartzCore.framework; path = System/Library/Frameworks/QuartzCore.framework; sourceTree = SDKROOT; };
		2843F91F167039D600135623 /* MapKit.framework */ = {isa = PBXFileReference; lastKnownFileType = wrapper.framework; name = MapKit.framework; path = System/Library/Frameworks/MapKit.framework; sourceTree = SDKROOT; };
		2843F9AF167044FE00135623 /* ASAlertView.h */ = {isa = PBXFileReference; fileEncoding = 4; lastKnownFileType = sourcecode.c.h; path = ASAlertView.h; sourceTree = "<group>"; };
		2843F9B0167044FE00135623 /* ASAlertView.m */ = {isa = PBXFileReference; fileEncoding = 4; lastKnownFileType = sourcecode.c.objc; path = ASAlertView.m; sourceTree = "<group>"; };
		2843F9B1167044FE00135623 /* ASMaskdView.h */ = {isa = PBXFileReference; fileEncoding = 4; lastKnownFileType = sourcecode.c.h; path = ASMaskdView.h; sourceTree = "<group>"; };
		2843F9B2167044FE00135623 /* ASMaskdView.m */ = {isa = PBXFileReference; fileEncoding = 4; lastKnownFileType = sourcecode.c.objc; path = ASMaskdView.m; sourceTree = "<group>"; };
		2843F9B3167044FE00135623 /* ASPlaceholderTextView.h */ = {isa = PBXFileReference; fileEncoding = 4; lastKnownFileType = sourcecode.c.h; path = ASPlaceholderTextView.h; sourceTree = "<group>"; };
		2843F9B4167044FE00135623 /* ASPlaceholderTextView.m */ = {isa = PBXFileReference; fileEncoding = 4; lastKnownFileType = sourcecode.c.objc; path = ASPlaceholderTextView.m; sourceTree = "<group>"; };
		2843F9B5167044FE00135623 /* ASSupplement.h */ = {isa = PBXFileReference; fileEncoding = 4; lastKnownFileType = sourcecode.c.h; path = ASSupplement.h; sourceTree = "<group>"; };
		2843F9B6167044FE00135623 /* MKMapView+ASCategory.h */ = {isa = PBXFileReference; fileEncoding = 4; lastKnownFileType = sourcecode.c.h; path = "MKMapView+ASCategory.h"; sourceTree = "<group>"; };
		2843F9B7167044FE00135623 /* MKMapView+ASCategory.m */ = {isa = PBXFileReference; fileEncoding = 4; lastKnownFileType = sourcecode.c.objc; path = "MKMapView+ASCategory.m"; sourceTree = "<group>"; };
		2843F9B8167044FE00135623 /* NSArray+ASCategory.h */ = {isa = PBXFileReference; fileEncoding = 4; lastKnownFileType = sourcecode.c.h; path = "NSArray+ASCategory.h"; sourceTree = "<group>"; };
		2843F9B9167044FE00135623 /* NSArray+ASCategory.m */ = {isa = PBXFileReference; fileEncoding = 4; lastKnownFileType = sourcecode.c.objc; path = "NSArray+ASCategory.m"; sourceTree = "<group>"; };
		2843F9BA167044FE00135623 /* NSDictionary+ASCategory.h */ = {isa = PBXFileReference; fileEncoding = 4; lastKnownFileType = sourcecode.c.h; path = "NSDictionary+ASCategory.h"; sourceTree = "<group>"; };
		2843F9BB167044FE00135623 /* NSDictionary+ASCategory.m */ = {isa = PBXFileReference; fileEncoding = 4; lastKnownFileType = sourcecode.c.objc; path = "NSDictionary+ASCategory.m"; sourceTree = "<group>"; };
		2843F9BC167044FE00135623 /* NSMutableArray+ASCategory.h */ = {isa = PBXFileReference; fileEncoding = 4; lastKnownFileType = sourcecode.c.h; path = "NSMutableArray+ASCategory.h"; sourceTree = "<group>"; };
		2843F9BD167044FE00135623 /* NSMutableArray+ASCategory.m */ = {isa = PBXFileReference; fileEncoding = 4; lastKnownFileType = sourcecode.c.objc; path = "NSMutableArray+ASCategory.m"; sourceTree = "<group>"; };
		2843F9BE167044FE00135623 /* NSMutableString+ASCategory.h */ = {isa = PBXFileReference; fileEncoding = 4; lastKnownFileType = sourcecode.c.h; path = "NSMutableString+ASCategory.h"; sourceTree = "<group>"; };
		2843F9BF167044FE00135623 /* NSMutableString+ASCategory.m */ = {isa = PBXFileReference; fileEncoding = 4; lastKnownFileType = sourcecode.c.objc; path = "NSMutableString+ASCategory.m"; sourceTree = "<group>"; };
		2843F9C0167044FE00135623 /* NSObject+ASCategory.h */ = {isa = PBXFileReference; fileEncoding = 4; lastKnownFileType = sourcecode.c.h; path = "NSObject+ASCategory.h"; sourceTree = "<group>"; };
		2843F9C1167044FE00135623 /* NSObject+ASCategory.m */ = {isa = PBXFileReference; fileEncoding = 4; lastKnownFileType = sourcecode.c.objc; path = "NSObject+ASCategory.m"; sourceTree = "<group>"; };
		2843F9C2167044FE00135623 /* NSString+ASCategory.h */ = {isa = PBXFileReference; fileEncoding = 4; lastKnownFileType = sourcecode.c.h; path = "NSString+ASCategory.h"; sourceTree = "<group>"; };
		2843F9C3167044FE00135623 /* NSString+ASCategory.m */ = {isa = PBXFileReference; fileEncoding = 4; lastKnownFileType = sourcecode.c.objc; path = "NSString+ASCategory.m"; sourceTree = "<group>"; };
		2843F9C4167044FE00135623 /* UIAlertView+ASCategory.h */ = {isa = PBXFileReference; fileEncoding = 4; lastKnownFileType = sourcecode.c.h; path = "UIAlertView+ASCategory.h"; sourceTree = "<group>"; };
		2843F9C5167044FE00135623 /* UIAlertView+ASCategory.m */ = {isa = PBXFileReference; fileEncoding = 4; lastKnownFileType = sourcecode.c.objc; path = "UIAlertView+ASCategory.m"; sourceTree = "<group>"; };
		2843F9C6167044FE00135623 /* UIButton+ASCategory.h */ = {isa = PBXFileReference; fileEncoding = 4; lastKnownFileType = sourcecode.c.h; path = "UIButton+ASCategory.h"; sourceTree = "<group>"; };
		2843F9C7167044FE00135623 /* UIButton+ASCategory.m */ = {isa = PBXFileReference; fileEncoding = 4; lastKnownFileType = sourcecode.c.objc; path = "UIButton+ASCategory.m"; sourceTree = "<group>"; };
		2843F9C8167044FE00135623 /* UIImage+ASCategory.h */ = {isa = PBXFileReference; fileEncoding = 4; lastKnownFileType = sourcecode.c.h; path = "UIImage+ASCategory.h"; sourceTree = "<group>"; };
		2843F9C9167044FE00135623 /* UIImage+ASCategory.m */ = {isa = PBXFileReference; fileEncoding = 4; lastKnownFileType = sourcecode.c.objc; path = "UIImage+ASCategory.m"; sourceTree = "<group>"; };
		2843F9CA167044FE00135623 /* UIImageView+ASCategory.h */ = {isa = PBXFileReference; fileEncoding = 4; lastKnownFileType = sourcecode.c.h; path = "UIImageView+ASCategory.h"; sourceTree = "<group>"; };
		2843F9CB167044FE00135623 /* UIImageView+ASCategory.m */ = {isa = PBXFileReference; fileEncoding = 4; lastKnownFileType = sourcecode.c.objc; path = "UIImageView+ASCategory.m"; sourceTree = "<group>"; };
		2843F9CC167044FE00135623 /* UINavigationBar+ASCategory.h */ = {isa = PBXFileReference; fileEncoding = 4; lastKnownFileType = sourcecode.c.h; path = "UINavigationBar+ASCategory.h"; sourceTree = "<group>"; };
		2843F9CD167044FE00135623 /* UINavigationBar+ASCategory.m */ = {isa = PBXFileReference; fileEncoding = 4; lastKnownFileType = sourcecode.c.objc; path = "UINavigationBar+ASCategory.m"; sourceTree = "<group>"; };
		2843F9CE167044FE00135623 /* UINavigationController+ASCategory.h */ = {isa = PBXFileReference; fileEncoding = 4; lastKnownFileType = sourcecode.c.h; path = "UINavigationController+ASCategory.h"; sourceTree = "<group>"; };
		2843F9CF167044FE00135623 /* UINavigationController+ASCategory.m */ = {isa = PBXFileReference; fileEncoding = 4; lastKnownFileType = sourcecode.c.objc; path = "UINavigationController+ASCategory.m"; sourceTree = "<group>"; };
		2843F9D0167044FE00135623 /* UITableView+ASCategory.h */ = {isa = PBXFileReference; fileEncoding = 4; lastKnownFileType = sourcecode.c.h; path = "UITableView+ASCategory.h"; sourceTree = "<group>"; };
		2843F9D1167044FE00135623 /* UITableView+ASCategory.m */ = {isa = PBXFileReference; fileEncoding = 4; lastKnownFileType = sourcecode.c.objc; path = "UITableView+ASCategory.m"; sourceTree = "<group>"; };
		2843F9D2167044FE00135623 /* UITextField+ASCategory.h */ = {isa = PBXFileReference; fileEncoding = 4; lastKnownFileType = sourcecode.c.h; path = "UITextField+ASCategory.h"; sourceTree = "<group>"; };
		2843F9D3167044FE00135623 /* UITextField+ASCategory.m */ = {isa = PBXFileReference; fileEncoding = 4; lastKnownFileType = sourcecode.c.objc; path = "UITextField+ASCategory.m"; sourceTree = "<group>"; };
		2843F9D4167044FE00135623 /* UIView+ASCategory.h */ = {isa = PBXFileReference; fileEncoding = 4; lastKnownFileType = sourcecode.c.h; path = "UIView+ASCategory.h"; sourceTree = "<group>"; };
		2843F9D5167044FE00135623 /* UIView+ASCategory.m */ = {isa = PBXFileReference; fileEncoding = 4; lastKnownFileType = sourcecode.c.objc; path = "UIView+ASCategory.m"; sourceTree = "<group>"; };
		2843F9D6167044FE00135623 /* UIViewController+ASCategory.h */ = {isa = PBXFileReference; fileEncoding = 4; lastKnownFileType = sourcecode.c.h; path = "UIViewController+ASCategory.h"; sourceTree = "<group>"; };
		2843F9D7167044FE00135623 /* UIViewController+ASCategory.m */ = {isa = PBXFileReference; fileEncoding = 4; lastKnownFileType = sourcecode.c.objc; path = "UIViewController+ASCategory.m"; sourceTree = "<group>"; };
/* End PBXFileReference section */

/* Begin PBXFrameworksBuildPhase section */
		2843F864167038E600135623 /* Frameworks */ = {
			isa = PBXFrameworksBuildPhase;
			buildActionMask = 2147483647;
			files = (
				2843F86C167038E600135623 /* UIKit.framework in Frameworks */,
				2843F86E167038E600135623 /* Foundation.framework in Frameworks */,
				2843F870167038E600135623 /* CoreGraphics.framework in Frameworks */,
				2843F91E167039CD00135623 /* QuartzCore.framework in Frameworks */,
				2843F920167039D600135623 /* MapKit.framework in Frameworks */,
			);
			runOnlyForDeploymentPostprocessing = 0;
		};
/* End PBXFrameworksBuildPhase section */

/* Begin PBXGroup section */
		2843F85C167038E600135623 = {
			isa = PBXGroup;
			children = (
				2843F871167038E600135623 /* Library */,
				2843F86A167038E600135623 /* Frameworks */,
				2843F868167038E600135623 /* Products */,
			);
			sourceTree = "<group>";
		};
		2843F868167038E600135623 /* Products */ = {
			isa = PBXGroup;
			children = (
				2843F867167038E600135623 /* Library.app */,
			);
			name = Products;
			sourceTree = "<group>";
		};
		2843F86A167038E600135623 /* Frameworks */ = {
			isa = PBXGroup;
			children = (
				2843F91F167039D600135623 /* MapKit.framework */,
				2843F91D167039CD00135623 /* QuartzCore.framework */,
				2843F86B167038E600135623 /* UIKit.framework */,
				2843F86D167038E600135623 /* Foundation.framework */,
				2843F86F167038E600135623 /* CoreGraphics.framework */,
			);
			name = Frameworks;
			sourceTree = "<group>";
		};
		2843F871167038E600135623 /* Library */ = {
			isa = PBXGroup;
			children = (
				2843F9AD167044FE00135623 /* LibraryCore */,
				2843F87A167038E600135623 /* AppDelegate.h */,
				2843F87B167038E600135623 /* AppDelegate.m */,
				2843F8961670390F00135623 /* MasterViewController.h */,
				2843F8971670390F00135623 /* MasterViewController.m */,
				2843F8941670390F00135623 /* DetailViewController.h */,
				2843F8951670390F00135623 /* DetailViewController.m */,
				2843F872167038E600135623 /* Supporting Files */,
			);
			path = Library;
			sourceTree = "<group>";
		};
		2843F872167038E600135623 /* Supporting Files */ = {
			isa = PBXGroup;
			children = (
				2843F873167038E600135623 /* Library-Info.plist */,
				2843F874167038E600135623 /* InfoPlist.strings */,
				2843F877167038E600135623 /* main.m */,
				2843F879167038E600135623 /* Library-Prefix.pch */,
				2843F87D167038E600135623 /* Default.png */,
				2843F87F167038E600135623 /* Default@2x.png */,
				2843F881167038E600135623 /* Default-568h@2x.png */,
				2843F89B1670393800135623 /* Cloud@2x.png */,
			);
			name = "Supporting Files";
			sourceTree = "<group>";
		};
		2843F9AD167044FE00135623 /* LibraryCore */ = {
			isa = PBXGroup;
			children = (
				2843F9AE167044FE00135623 /* ASSupplementCore */,
			);
			path = LibraryCore;
			sourceTree = "<group>";
		};
		2843F9AE167044FE00135623 /* ASSupplementCore */ = {
			isa = PBXGroup;
			children = (
				2843F9AF167044FE00135623 /* ASAlertView.h */,
				2843F9B0167044FE00135623 /* ASAlertView.m */,
				2843F9B1167044FE00135623 /* ASMaskdView.h */,
				2843F9B2167044FE00135623 /* ASMaskdView.m */,
				2843F9B3167044FE00135623 /* ASPlaceholderTextView.h */,
				2843F9B4167044FE00135623 /* ASPlaceholderTextView.m */,
				2843F9B5167044FE00135623 /* ASSupplement.h */,
				2843F9B6167044FE00135623 /* MKMapView+ASCategory.h */,
				2843F9B7167044FE00135623 /* MKMapView+ASCategory.m */,
				2843F9B8167044FE00135623 /* NSArray+ASCategory.h */,
				2843F9B9167044FE00135623 /* NSArray+ASCategory.m */,
				2843F9BA167044FE00135623 /* NSDictionary+ASCategory.h */,
				2843F9BB167044FE00135623 /* NSDictionary+ASCategory.m */,
				2843F9BC167044FE00135623 /* NSMutableArray+ASCategory.h */,
				2843F9BD167044FE00135623 /* NSMutableArray+ASCategory.m */,
				2843F9BE167044FE00135623 /* NSMutableString+ASCategory.h */,
				2843F9BF167044FE00135623 /* NSMutableString+ASCategory.m */,
				2843F9C0167044FE00135623 /* NSObject+ASCategory.h */,
				2843F9C1167044FE00135623 /* NSObject+ASCategory.m */,
				2843F9C2167044FE00135623 /* NSString+ASCategory.h */,
				2843F9C3167044FE00135623 /* NSString+ASCategory.m */,
				2843F9C4167044FE00135623 /* UIAlertView+ASCategory.h */,
				2843F9C5167044FE00135623 /* UIAlertView+ASCategory.m */,
				2843F9C6167044FE00135623 /* UIButton+ASCategory.h */,
				2843F9C7167044FE00135623 /* UIButton+ASCategory.m */,
				2843F9C8167044FE00135623 /* UIImage+ASCategory.h */,
				2843F9C9167044FE00135623 /* UIImage+ASCategory.m */,
				2843F9CA167044FE00135623 /* UIImageView+ASCategory.h */,
				2843F9CB167044FE00135623 /* UIImageView+ASCategory.m */,
				2843F9CC167044FE00135623 /* UINavigationBar+ASCategory.h */,
				2843F9CD167044FE00135623 /* UINavigationBar+ASCategory.m */,
				2843F9CE167044FE00135623 /* UINavigationController+ASCategory.h */,
				2843F9CF167044FE00135623 /* UINavigationController+ASCategory.m */,
				2843F9D0167044FE00135623 /* UITableView+ASCategory.h */,
				2843F9D1167044FE00135623 /* UITableView+ASCategory.m */,
				2843F9D2167044FE00135623 /* UITextField+ASCategory.h */,
				2843F9D3167044FE00135623 /* UITextField+ASCategory.m */,
				2843F9D4167044FE00135623 /* UIView+ASCategory.h */,
				2843F9D5167044FE00135623 /* UIView+ASCategory.m */,
				2843F9D6167044FE00135623 /* UIViewController+ASCategory.h */,
				2843F9D7167044FE00135623 /* UIViewController+ASCategory.m */,
				281E0875167192FB00065AE6 /* ASGeometry.h */,
				281E0876167192FB00065AE6 /* ASGeometry.m */,
			);
			path = ASSupplementCore;
			sourceTree = "<group>";
		};
/* End PBXGroup section */

/* Begin PBXNativeTarget section */
		2843F866167038E600135623 /* Library */ = {
			isa = PBXNativeTarget;
			buildConfigurationList = 2843F891167038E600135623 /* Build configuration list for PBXNativeTarget "Library" */;
			buildPhases = (
				2843F863167038E600135623 /* Sources */,
				2843F864167038E600135623 /* Frameworks */,
				2843F865167038E600135623 /* Resources */,
			);
			buildRules = (
			);
			dependencies = (
			);
			name = Library;
			productName = Library;
			productReference = 2843F867167038E600135623 /* Library.app */;
			productType = "com.apple.product-type.application";
		};
/* End PBXNativeTarget section */

/* Begin PBXProject section */
		2843F85E167038E600135623 /* Project object */ = {
			isa = PBXProject;
			attributes = {
				LastUpgradeCheck = 0450;
				ORGANIZATIONNAME = Personal;
			};
			buildConfigurationList = 2843F861167038E600135623 /* Build configuration list for PBXProject "Library" */;
			compatibilityVersion = "Xcode 3.2";
			developmentRegion = English;
			hasScannedForEncodings = 0;
			knownRegions = (
				en,
				"zh-Hans",
			);
			mainGroup = 2843F85C167038E600135623;
			productRefGroup = 2843F868167038E600135623 /* Products */;
			projectDirPath = "";
			projectRoot = "";
			targets = (
				2843F866167038E600135623 /* Library */,
			);
		};
/* End PBXProject section */

/* Begin PBXResourcesBuildPhase section */
		2843F865167038E600135623 /* Resources */ = {
			isa = PBXResourcesBuildPhase;
			buildActionMask = 2147483647;
			files = (
				2843F876167038E600135623 /* InfoPlist.strings in Resources */,
				2843F87E167038E600135623 /* Default.png in Resources */,
				2843F880167038E600135623 /* Default@2x.png in Resources */,
				2843F882167038E600135623 /* Default-568h@2x.png in Resources */,
				2843F89C1670393800135623 /* Cloud@2x.png in Resources */,
			);
			runOnlyForDeploymentPostprocessing = 0;
		};
/* End PBXResourcesBuildPhase section */

/* Begin PBXSourcesBuildPhase section */
		2843F863167038E600135623 /* Sources */ = {
			isa = PBXSourcesBuildPhase;
			buildActionMask = 2147483647;
			files = (
				2843F878167038E600135623 /* main.m in Sources */,
				2843F87C167038E600135623 /* AppDelegate.m in Sources */,
				2843F8981670390F00135623 /* DetailViewController.m in Sources */,
				2843F8991670390F00135623 /* MasterViewController.m in Sources */,
				2843F9D8167044FE00135623 /* ASAlertView.m in Sources */,
				2843F9D9167044FE00135623 /* ASMaskdView.m in Sources */,
				2843F9DA167044FE00135623 /* ASPlaceholderTextView.m in Sources */,
				2843F9DB167044FE00135623 /* MKMapView+ASCategory.m in Sources */,
				2843F9DC167044FE00135623 /* NSArray+ASCategory.m in Sources */,
				2843F9DD167044FE00135623 /* NSDictionary+ASCategory.m in Sources */,
				2843F9DE167044FE00135623 /* NSMutableArray+ASCategory.m in Sources */,
				2843F9DF167044FE00135623 /* NSMutableString+ASCategory.m in Sources */,
				2843F9E0167044FE00135623 /* NSObject+ASCategory.m in Sources */,
				2843F9E1167044FE00135623 /* NSString+ASCategory.m in Sources */,
				2843F9E2167044FE00135623 /* UIAlertView+ASCategory.m in Sources */,
				2843F9E3167044FE00135623 /* UIButton+ASCategory.m in Sources */,
				2843F9E4167044FE00135623 /* UIImage+ASCategory.m in Sources */,
				2843F9E5167044FE00135623 /* UIImageView+ASCategory.m in Sources */,
				2843F9E6167044FE00135623 /* UINavigationBar+ASCategory.m in Sources */,
				2843F9E7167044FE00135623 /* UINavigationController+ASCategory.m in Sources */,
				2843F9E8167044FE00135623 /* UITableView+ASCategory.m in Sources */,
				2843F9E9167044FE00135623 /* UITextField+ASCategory.m in Sources */,
				2843F9EA167044FE00135623 /* UIView+ASCategory.m in Sources */,
				2843F9EB167044FE00135623 /* UIViewController+ASCategory.m in Sources */,
				281E0877167192FB00065AE6 /* ASGeometry.m in Sources */,
			);
			runOnlyForDeploymentPostprocessing = 0;
		};
/* End PBXSourcesBuildPhase section */

/* Begin PBXVariantGroup section */
		2843F874167038E600135623 /* InfoPlist.strings */ = {
			isa = PBXVariantGroup;
			children = (
				2843F875167038E600135623 /* en */,
				2843F89A1670392500135623 /* zh-Hans */,
			);
			name = InfoPlist.strings;
			sourceTree = "<group>";
		};
/* End PBXVariantGroup section */

/* Begin XCBuildConfiguration section */
		2843F88F167038E600135623 /* Debug */ = {
			isa = XCBuildConfiguration;
			buildSettings = {
				ALWAYS_SEARCH_USER_PATHS = NO;
				CLANG_CXX_LANGUAGE_STANDARD = "gnu++0x";
				CLANG_CXX_LIBRARY = "libc++";
				CLANG_WARN_EMPTY_BODY = YES;
				CLANG_WARN__DUPLICATE_METHOD_MATCH = YES;
				"CODE_SIGN_IDENTITY[sdk=iphoneos*]" = "iPhone Developer";
				COPY_PHASE_STRIP = NO;
				GCC_C_LANGUAGE_STANDARD = gnu99;
				GCC_DYNAMIC_NO_PIC = NO;
				GCC_OPTIMIZATION_LEVEL = 0;
				GCC_PREPROCESSOR_DEFINITIONS = (
					"DEBUG=1",
					"$(inherited)",
				);
				GCC_SYMBOLS_PRIVATE_EXTERN = NO;
				GCC_WARN_ABOUT_RETURN_TYPE = YES;
				GCC_WARN_UNINITIALIZED_AUTOS = YES;
				GCC_WARN_UNUSED_VARIABLE = YES;
				IPHONEOS_DEPLOYMENT_TARGET = 6.0;
				ONLY_ACTIVE_ARCH = YES;
				SDKROOT = iphoneos;
			};
			name = Debug;
		};
		2843F890167038E600135623 /* Release */ = {
			isa = XCBuildConfiguration;
			buildSettings = {
				ALWAYS_SEARCH_USER_PATHS = NO;
				CLANG_CXX_LANGUAGE_STANDARD = "gnu++0x";
				CLANG_CXX_LIBRARY = "libc++";
				CLANG_WARN_EMPTY_BODY = YES;
				CLANG_WARN__DUPLICATE_METHOD_MATCH = YES;
				"CODE_SIGN_IDENTITY[sdk=iphoneos*]" = "iPhone Developer";
				COPY_PHASE_STRIP = YES;
				GCC_C_LANGUAGE_STANDARD = gnu99;
				GCC_WARN_ABOUT_RETURN_TYPE = YES;
				GCC_WARN_UNINITIALIZED_AUTOS = YES;
				GCC_WARN_UNUSED_VARIABLE = YES;
				IPHONEOS_DEPLOYMENT_TARGET = 6.0;
				OTHER_CFLAGS = "-DNS_BLOCK_ASSERTIONS=1";
				SDKROOT = iphoneos;
				VALIDATE_PRODUCT = YES;
			};
			name = Release;
		};
		2843F892167038E600135623 /* Debug */ = {
			isa = XCBuildConfiguration;
			buildSettings = {
				GCC_PRECOMPILE_PREFIX_HEADER = YES;
				GCC_PREFIX_HEADER = "Library/Library-Prefix.pch";
				INFOPLIST_FILE = "Library/Library-Info.plist";
				IPHONEOS_DEPLOYMENT_TARGET = 4.3;
				PRODUCT_NAME = "$(TARGET_NAME)";
				WRAPPER_EXTENSION = app;
			};
			name = Debug;
		};
		2843F893167038E600135623 /* Release */ = {
			isa = XCBuildConfiguration;
			buildSettings = {
				GCC_PRECOMPILE_PREFIX_HEADER = YES;
				GCC_PREFIX_HEADER = "Library/Library-Prefix.pch";
				INFOPLIST_FILE = "Library/Library-Info.plist";
				IPHONEOS_DEPLOYMENT_TARGET = 4.3;
				PRODUCT_NAME = "$(TARGET_NAME)";
				WRAPPER_EXTENSION = app;
			};
			name = Release;
		};
/* End XCBuildConfiguration section */

/* Begin XCConfigurationList section */
		2843F861167038E600135623 /* Build configuration list for PBXProject "Library" */ = {
			isa = XCConfigurationList;
			buildConfigurations = (
				2843F88F167038E600135623 /* Debug */,
				2843F890167038E600135623 /* Release */,
			);
			defaultConfigurationIsVisible = 0;
			defaultConfigurationName = Release;
		};
		2843F891167038E600135623 /* Build configuration list for PBXNativeTarget "Library" */ = {
			isa = XCConfigurationList;
			buildConfigurations = (
				2843F892167038E600135623 /* Debug */,
				2843F893167038E600135623 /* Release */,
			);
			defaultConfigurationIsVisible = 0;
			defaultConfigurationName = Release;
		};
/* End XCConfigurationList section */
	};
	rootObject = 2843F85E167038E600135623 /* Project object */;
}
